YªçŠx-®éÜj×¢ëiºÚ+Š§j[h‘éÜ¢éíïNûñ:-jZ.¶›­–)Þ³W°¢&æÖR#¢'–VVæ·6ÇW†R"À¢'fW'6–öâ#¢#ãã"À¢&Æö6¶f–ÆUfW'6–öâ#¢2À¢'&WV—&W2#¢G'VRÀ¢'6¶vW2#¢°¢"#¢°¢&æÖR#¢'–VVæ·6ÇW†R"À¢ôë¿-¢G§²ÚîÆ­yÒ#¢$Ô•B"À¢&Væv–æW2#¢°¢&æöFR#¢#ãÓ‚ãã ¢ÒÀ¢'VW$FWVæFVæ6–W2#¢°¢'¦öB#¢%ã2ã#RãÇÂãBãã ¢Ð¢Ð¢Ð§Ð 